// !$*UTF8*$!
{
	archiveVersion = 1;
	classes = {
	};
	objectVersion = 50;
	objects = {

/* Begin PBXBuildFile section */
		523B5879B1A0B743E357F443 /* Pods_BarberSchedule.framework in Frameworks */ = {isa = PBXBuildFile; fileRef = 6845A51F957C1E9E069D9E8B /* Pods_BarberSchedule.framework */; };
		AE4693C523DC6064005C55AC /* AppDelegate.swift in Sources */ = {isa = PBXBuildFile; fileRef = AE4693C423DC6064005C55AC /* AppDelegate.swift */; };
		AE4693C723DC6064005C55AC /* SceneDelegate.swift in Sources */ = {isa = PBXBuildFile; fileRef = AE4693C623DC6064005C55AC /* SceneDelegate.swift */; };
		AE4693C923DC6064005C55AC /* ViewController.swift in Sources */ = {isa = PBXBuildFile; fileRef = AE4693C823DC6064005C55AC /* ViewController.swift */; };
		AE4693CC23DC6064005C55AC /* Main.storyboard in Resources */ = {isa = PBXBuildFile; fileRef = AE4693CA23DC6064005C55AC /* Main.storyboard */; };
		AE4693CE23DC6066005C55AC /* Assets.xcassets in Resources */ = {isa = PBXBuildFile; fileRef = AE4693CD23DC6066005C55AC /* Assets.xcassets */; };
		AE4693D123DC6066005C55AC /* LaunchScreen.storyboard in Resources */ = {isa = PBXBuildFile; fileRef = AE4693CF23DC6066005C55AC /* LaunchScreen.storyboard */; };
		AE4693D923DC6205005C55AC /* GoogleService-Info.plist in Resources */ = {isa = PBXBuildFile; fileRef = AE4693D823DC6205005C55AC /* GoogleService-Info.plist */; };
/* End PBXBuildFile section */

/* Begin PBXFileReference section */
		6845A51F957C1E9E069D9E8B /* Pods_BarberSchedule.framework */ = {isa = PBXFileReference; explicitFileType = wrapper.framework; includeInIndex = 0; path = Pods_BarberSchedule.framework; sourceTree = BUILT_PRODUCTS_DIR; };
		AE4693C123DC6064005C55AC /* BarberSchedule.app */ = {isa = PBXFileReference; explicitFileType = wrapper.application; includeInIndex = 0; path = BarberSchedule.app; sourceTree = BUILT_PRODUCTS_DIR; };
		AE4693C423DC6064005C55AC /* AppDelegate.swift */ = {isa = PBXFileReference; lastKnownFileType = sourcecode.swift; path = AppDelegate.swift; sourceTree = "<group>"; };
		AE4693C623DC6064005C55AC /* SceneDelegate.swift */ = {isa = PBXFileReference; lastKnownFileType = sourcecode.swift; path = SceneDelegate.swift; sourceTree = "<group>"; };
		AE4693C823DC6064005C55AC /* ViewController.swift */ = {isa = PBXFileReference; lastKnownFileType = sourcecode.swift; path = ViewController.swift; sourceTree = "<group>"; };
		AE4693CB23DC6064005C55AC /* Base */ = {isa = PBXFileReference; lastKnownFileType = file.storyboard; name = Base; path = Base.lproj/Main.storyboard; sourceTree = "<group>"; };
		AE4693CD23DC6066005C55AC /* Assets.xcassets */ = {isa = PBXFileReference; lastKnownFileType = folder.assetcatalog; path = Assets.xcassets; sourceTree = "<group>"; };
		AE4693D023DC6066005C55AC /* Base */ = {isa = PBXFileReference; lastKnownFileType = file.storyboard; name = Base; path = Base.lproj/LaunchScreen.storyboard; sourceTree = "<group>"; };
		AE4693D223DC6066005C55AC /* Info.plist */ = {isa = PBXFileReference; lastKnownFileType = text.plist.xml; path = Info.plist; sourceTree = "<group>"; };
		AE4693D823DC6205005C55AC /* GoogleService-Info.plist */ = {isa = PBXFileReference; fileEncoding = 4; lastKnownFileType = text.plist.xml; path = "GoogleService-Info.plist"; sourceTree = "<group>"; };
		D250BA4DAE2DAC4C043DD096 /* Pods-BarberSchedule.release.xcconfig */ = {isa = PBXFileReference; includeInIndex = 1; lastKnownFileType = text.xcconfig; name = "Pods-BarberSchedule.release.xcconfig"; path = "Target Support Files/Pods-BarberSchedule/Pods-BarberSchedule.release.xcconfig"; sourceTree = "<group>"; };
		E6CC1EEFE8CFA478CED10FB9 /* Pods-BarberSchedule.debug.xcconfig */ = {isa = PBXFileReference; includeInIndex = 1; lastKnownFileType = text.xcconfig; name = "Pods-BarberSchedule.debug.xcconfig"; path = "Target Support Files/Pods-BarberSchedule/Pods-BarberSchedule.debug.xcconfig"; sourceTree = "<group>"; };
/* End PBXFileReference section */

/* Begin PBXFrameworksBuildPhase section */
		AE4693BE23DC6064005C55AC /* Frameworks */ = {
			isa = PBXFrameworksBuildPhase;
			buildActionMask = 2147483647;
			files = (
				523B5879B1A0B743E357F443 /* Pods_BarberSchedule.framework in Frameworks */,
			);
			runOnlyForDeploymentPostprocessing = 0;
		};
/* End PBXFrameworksBuildPhase section */

/* Begin PBXGroup section */
		2C5CA6FAFA7666AF187CC328 /* Pods */ = {
			isa = PBXGroup;
			children = (
				E6CC1EEFE8CFA478CED10FB9 /* Pods-BarberSchedule.debug.xcconfig */,
				D250BA4DAE2DAC4C043DD096 /* Pods-BarberSchedule.release.xcconfig */,
			);
			name = Pods;
			path = Pods;
			sourceTree = "<group>";
		};
		66D8A3DF41BD74D53E09BAAB /* Frameworks */ = {
			isa = PBXGroup;
			children = (
				6845A51F957C1E9E069D9E8B /* Pods_BarberSchedule.framework */,
			);
			name = Frameworks;
			sourceTree = "<group>";
		};
		AE4693B823DC6064005C55AC = {
			isa = PBXGroup;
			children = (
				AE4693C323DC6064005C55AC /* BarberSchedule */,
				AE4693C223DC6064005C55AC /* Products */,
				2C5CA6FAFA7666AF187CC328 /* Pods */,
				66D8A3DF41BD74D53E09BAAB /* Frameworks */,
			);
			sourceTree = "<group>";
		};
		AE4693C223DC6064005C55AC /* Products */ = {
			isa = PBXGroup;
			children = (
				AE4693C123DC6064005C55AC /* BarberSchedule.app */,
			);
			name = Products;
			sourceTree = "<group>";
		};
		AE4693C323DC6064005C55AC /* BarberSchedule */ = {
			isa = PBXGroup;
			children = (
				AE4693C423DC6064005C55AC /* AppDelegate.swift */,
				AE4693C623DC6064005C55AC /* SceneDelegate.swift */,
				AE4693C823DC6064005C55AC /* ViewController.swift */,
				AE4693CA23DC6064005C55AC /* Main.storyboard */,
				AE4693CD23DC6066005C55AC /* Assets.xcassets */,
				AE4693CF23DC6066005C55AC /* LaunchScreen.storyboard */,
				AE4693D223DC6066005C55AC /* Info.plist */,
				AE4693D823DC6205005C55AC /* GoogleService-Info.plist */,
			);
			path = BarberSchedule;
			sourceTree = "<group>";
		};
/* End PBXGroup section */

/* Begin PBXNativeTarget section */
		AE4693C023DC6064005C55AC /* BarberSchedule */ = {
			isa = PBXNativeTarget;
			buildConfigurationList = AE4693D523DC6066005C55AC /* Build configuration list for PBXNativeTarget "BarberSchedule" */;
			buildPhases = (
				346CE3CD3C34148BD0BF1C8C /* [CP] Check Pods Manifest.lock */,
				AE4693BD23DC6064005C55AC /* Sources */,
				AE4693BE23DC6064005C55AC /* Frameworks */,
				AE4693BF23DC6064005C55AC /* Resources */,
				824BB69B98ACF89E8A35D9AD /* [CP] Embed Pods Frameworks */,
			);
			buildRules = (
			);
			dependencies = (
			);
			name = BarberSchedule;
			productName = BarberSchedule;
			productReference = AE4693C123DC6064005C55AC /* BarberSchedule.app */;
			productType = "com.apple.product-type.application";
		};
/* End PBXNativeTarget section */

/* Begin PBXProject section */
		AE4693B923DC6064005C55AC /* Project object */ = {
			isa = PBXProject;
			attributes = {
				LastSwiftUpdateCheck = 1130;
				LastUpgradeCheck = 1130;
				ORGANIZATIONNAME = rafaellfx;
				TargetAttributes = {
					AE4693C023DC6064005C55AC = {
						CreatedOnToolsVersion = 11.3.1;
					};
				};
			};
			buildConfigurationList = AE4693BC23DC6064005C55AC /* Build configuration list for PBXProject "BarberSchedule" */;
			compatibilityVersion = "Xcode 9.3";
			developmentRegion = en;
			hasScannedForEncodings = 0;
			knownRegions = (
				en,
				Base,
			);
			mainGroup = AE4693B823DC6064005C55AC;
			productRefGroup = AE4693C223DC6064005C55AC /* Products */;
			projectDirPath = "";
			projectRoot = "";
			targets = (
				AE4693C023DC6064005C55AC /* BarberSchedule */,
			);
		};
/* End PBXProject section */

/* Begin PBXResourcesBuildPhase section */
		AE4693BF23DC6064005C55AC /* Resources */ = {
			isa = PBXResourcesBuildPhase;
			buildActionMask = 2147483647;
			files = (
				AE4693D123DC6066005C55AC /* LaunchScreen.storyboard in Resources */,
				AE4693D923DC6205005C55AC /* GoogleService-Info.plist in Resources */,
				AE4693CE23DC6066005C55AC /* Assets.xcassets in Resources */,
				AE4693CC23DC6064005C55AC /* Main.storyboard in Resources */,
			);
			runOnlyForDeploymentPostprocessing = 0;
		};
/* End PBXResourcesBuildPhase section */

/* Begin PBXShellScriptBuildPhase section */
		346CE3CD3C34148BD0BF1C8C /* [CP] Check Pods Manifest.lock */ = {
			isa = PBXShellScriptBuildPhase;
			buildActionMask = 2147483647;
			files = (
			);
			inputFileListPaths = (
			);
			inputPaths = (
				"${PODS_PODFILE_DIR_PATH}/Podfile.lock",
				"${PODS_ROOT}/Manifest.lock",
			);
			name = "[CP] Check Pods Manifest.lock";
			outputFileListPaths = (
			);
			outputPaths = (
				"$(DERIVED_FILE_DIR)/Pods-BarberSchedule-checkManifestLockResult.txt",
			);
			runOnlyForDeploymentPostprocessing = 0;
			shellPath = /bin/sh;
			shellScript = "diff \"${PODS_PODFILE_DIR_PATH}/Podfile.lock\" \"${PODS_ROOT}/Manifest.lock\" > /dev/null\nif [ $? != 0 ] ; then\n    # print error to STDERR\n    echo \"error: The sandbox is not in sync with the Podfile.lock. Run 'pod install' or update your CocoaPods installation.\" >&2\n    exit 1\nfi\n# This output is used by Xcode 'outputs' to avoid re-running this script phase.\necho \"SUCCESS\" > \"${SCRIPT_OUTPUT_FILE_0}\"\n";
			showEnvVarsInLog = 0;
		};
		824BB69B98ACF89E8A35D9AD /* [CP] Embed Pods Frameworks */ = {
			isa = PBXShellScriptBuildPhase;
			buildActionMask = 2147483647;
			files = (
			);
			inputFileListPaths = (
				"${PODS_ROOT}/Target Support Files/Pods-BarberSchedule/Pods-BarberSchedule-frameworks-${CONFIGURATION}-input-files.xcfilelist",
			);
			name = "[CP] Embed Pods Frameworks";
			outputFileListPaths = (
				"${PODS_ROOT}/Target Support Files/Pods-BarberSchedule/Pods-BarberSchedule-frameworks-${CONFIGURATION}-output-files.xcfilelist",
			);
			runOnlyForDeploymentPostprocessing = 0;
			shellPath = /bin/sh;
			shellScript = "\"${PODS_ROOT}/Target Support Files/Pods-BarberSchedule/Pods-BarberSchedule-frameworks.sh\"\n";
			showEnvVarsInLog = 0;
		};
/* End PBXShellScriptBuildPhase section */

/* Begin PBXSourcesBuildPhase section */
		AE4693BD23DC6064005C55AC /* Sources */ = {
			isa = PBXSourcesBuildPhase;
			buildActionMask = 2147483647;
			files = (
				AE4693C923DC6064005C55AC /* ViewController.swift in Sources */,
				AE4693C523DC6064005C55AC /* AppDelegate.swift in Sources */,
				AE4693C723DC6064005C55AC /* SceneDelegate.swift in Sources */,
			);
			runOnlyForDeploymentPostprocessing = 0;
		};
/* End PBXSourcesBuildPhase section */

/* Begin PBXVariantGroup section */
		AE4693CA23DC6064005C55AC /* Main.storyboard */ = {
			isa = PBXVariantGroup;
			children = (
				AE4693CB23DC6064005C55AC /* Base */,
			);
			name = Main.storyboard;
			sourceTree = "<group>";
		};
		AE4693CF23DC6066005C55AC /* LaunchScreen.storyboard */ = {
			isa = PBXVariantGroup;
			children = (
				AE4693D023DC6066005C55AC /* Base */,
			);
			name = LaunchScreen.storyboard;
			sourceTree = "<group>";
		};
/* End PBXVariantGroup section */

/* Begin XCBuildConfiguration section */
		AE4693D323DC6066005C55AC /* Debug */ = {
			isa = XCBuildConfiguration;
			buildSettings = {
				ALWAYS_SEARCH_USER_PATHS = NO;
				CLANG_ANALYZER_NONNULL = YES;
				CLANG_ANALYZER_NUMBER_OBJECT_CONVERSION = YES_AGGRESSIVE;
				CLANG_CXX_LANGUAGE_STANDARD = "gnu++14";
				CLANG_CXX_LIBRARY = "libc++";
				CLANG_ENABLE_MODULES = YES;
				CLANG_ENABLE_OBJC_ARC = YES;
				CLANG_ENABLE_OBJC_WEAK = YES;
				CLANG_WARN_BLOCK_CAPTURE_AUTORELEASING = YES;
				CLANG_WARN_BOOL_CONVERSION = YES;
				CLANG_WARN_COMMA = YES;
				CLANG_WARN_CONSTANT_CONVERSION = YES;
				CLANG_WARN_DEPRECATED_OBJC_IMPLEMENTATIONS = YES;
				CLANG_WARN_DIRECT_OBJC_ISA_USAGE = YES_ERROR;
				CLANG_WARN_DOCUMENTATION_COMMENTS = YES;
				CLANG_WARN_EMPTY_BODY = YES;
				CLANG_WARN_ENUM_CONVERSION = YES;
				CLANG_WARN_INFINITE_RECURSION = YES;
				CLANG_WARN_INT_CONVERSION = YES;
				CLANG_WARN_NON_LITERAL_NULL_CONVERSION = YES;
				CLANG_WARN_OBJC_IMPLICIT_RETAIN_SELF = YES;
				CLANG_WARN_OBJC_LITERAL_CONVERSION = YES;
				CLANG_WARN_OBJC_ROOT_CLASS = YES_ERROR;
				CLANG_WARN_RANGE_LOOP_ANALYSIS = YES;
				CLANG_WARN_STRICT_PROTOTYPES = YES;
				CLANG_WARN_SUSPICIOUS_MOVE = YES;
				CLANG_WARN_UNGUARDED_AVAILABILITY = YES_AGGRESSIVE;
				CLANG_WARN_UNREACHABLE_CODE = YES;
				CLANG_WARN__DUPLICATE_METHOD_MATCH = YES;
				COPY_PHASE_STRIP = NO;
				DEBUG_INFORMATION_FORMAT = dwarf;
				ENABLE_STRICT_OBJC_MSGSEND = YES;
				ENABLE_TESTABILITY = YES;
				GCC_C_LANGUAGE_STANDARD = gnu11;
				GCC_DYNAMIC_NO_PIC = NO;
				GCC_NO_COMMON_BLOCKS = YES;
				GCC_OPTIMIZATION_LEVEL = 0;
				GCC_PREPROCESSOR_DEFINITIONS = (
					"DEBUG=1",
					"$(inherited)",
				);
				GCC_WARN_64_TO_32_BIT_CONVERSION = YES;
				GCC_WARN_ABOUT_RETURN_TYPE = YES_ERROR;
				GCC_WARN_UNDECLARED_SELECTOR = YES;
				GCC_WARN_UNINITIALIZED_AUTOS = YES_AGGRESSIVE;
				GCC_WARN_UNUSED_FUNCTION = YES;
				GCC_WARN_UNUSED_VARIABLE = YES;
				IPHONEOS_DEPLOYMENT_TARGET = 13.2;
				MTL_ENABLE_DEBUG_INFO = INCLUDE_SOURCE;
				MTL_FAST_MATH = YES;
				ONLY_ACTIVE_ARCH = YES;
				SDKROOT = iphoneos;
				SWIFT_ACTIVE_COMPILATION_CONDITIONS = DEBUG;
				SWIFT_OPTIMIZATION_LEVEL = "-Onone";
			};
			name = Debug;
		};
		AE4693D423DC6066005C55AC /* Release */ = {
			isa = XCBuildConfiguration;
			buildSettings = {
				ALWAYS_SEARCH_USER_PATHS = NO;
				CLANG_ANALYZER_NONNULL = YES;
				CLANG_ANALYZER_NUMBER_OBJECT_CONVERSION = YES_AGGRESSIVE;
				CLANG_CXX_LANGUAGE_STANDARD = "gnu++14";
				CLANG_CXX_LIBRARY = "libc++";
				CLANG_ENABLE_MODULES = YES;
				CLANG_ENABLE_OBJC_ARC = YES;
				CLANG_ENABLE_OBJC_WEAK = YES;
				CLANG_WARN_BLOCK_CAPTURE_AUTORELEASING = YES;
				CLANG_WARN_BOOL_CONVERSION = YES;
				CLANG_WARN_COMMA = YES;
				CLANG_WARN_CONSTANT_CONVERSION = YES;
				CLANG_WARN_DEPRECATED_OBJC_IMPLEMENTATIONS = YES;
				CLANG_WARN_DIRECT_OBJC_ISA_USAGE = YES_ERROR;
				CLANG_WARN_DOCUMENTATION_COMMENTS = YES;
				CLANG_WARN_EMPTY_BODY = YES;
				CLANG_WARN_ENUM_CONVERSION = YES;
				CLANG_WARN_INFINITE_RECURSION = YES;
				CLANG_WARN_INT_CONVERSION = YES;
				CLANG_WARN_NON_LITERAL_NULL_CONVERSION = YES;
				CLANG_WARN_OBJC_IMPLICIT_RETAIN_SELF = YES;
				CLANG_WARN_OBJC_LITERAL_CONVERSION = YES;
				CLANG_WARN_OBJC_ROOT_CLASS = YES_ERROR;
				CLANG_WARN_RANGE_LOOP_ANALYSIS = YES;
				CLANG_WARN_STRICT_PROTOTYPES = YES;
				CLANG_WARN_SUSPICIOUS_MOVE = YES;
				CLANG_WARN_UNGUARDED_AVAILABILITY = YES_AGGRESSIVE;
				CLANG_WARN_UNREACHABLE_CODE = YES;
				CLANG_WARN__DUPLICATE_METHOD_MATCH = YES;
				COPY_PHASE_STRIP = NO;
				DEBUG_INFORMATION_FORMAT = "dwarf-with-dsym";
				ENABLE_NS_ASSERTIONS = NO;
				ENABLE_STRICT_OBJC_MSGSEND = YES;
				GCC_C_LANGUAGE_STANDARD = gnu11;
				GCC_NO_COMMON_BLOCKS = YES;
				GCC_WARN_64_TO_32_BIT_CONVERSION = YES;
				GCC_WARN_ABOUT_RETURN_TYPE = YES_ERROR;
				GCC_WARN_UNDECLARED_SELECTOR = YES;
				GCC_WARN_UNINITIALIZED_AUTOS = YES_AGGRESSIVE;
				GCC_WARN_UNUSED_FUNCTION = YES;
				GCC_WARN_UNUSED_VARIABLE = YES;
				IPHONEOS_DEPLOYMENT_TARGET = 13.2;
				MTL_ENABLE_DEBUG_INFO = NO;
				MTL_FAST_MATH = YES;
				SDKROOT = iphoneos;
				SWIFT_COMPILATION_MODE = wholemodule;
				SWIFT_OPTIMIZATION_LEVEL = "-O";
				VALIDATE_PRODUCT = YES;
			};
			name = Release;
		};
		AE4693D623DC6066005C55AC /* Debug */ = {
			isa = XCBuildConfiguration;
			baseConfigurationReference = E6CC1EEFE8CFA478CED10FB9 /* Pods-BarberSchedule.debug.xcconfig */;
			buildSettings = {
				ASSETCATALOG_COMPILER_APPICON_NAME = AppIcon;
				CODE_SIGN_STYLE = Automatic;
				DEVELOPMENT_TEAM = VHA2UJG9TZ;
				INFOPLIST_FILE = BarberSchedule/Info.plist;
				LD_RUNPATH_SEARCH_PATHS = (
					"$(inherited)",
					"@executable_path/Frameworks",
				);
				PRODUCT_BUNDLE_IDENTIFIER = br.com.rafaellfx.BarberSchedule;
				PRODUCT_NAME = "$(TARGET_NAME)";
				SWIFT_VERSION = 5.0;
				TARGETED_DEVICE_FAMILY = "1,2";
			};
			name = Debug;
		};
		AE4693D723DC6066005C55AC /* Release */ = {
			isa = XCBuildConfiguration;
			baseConfigurationReference = D250BA4DAE2DAC4C043DD096 /* Pods-BarberSchedule.release.xcconfig */;
			buildSettings = {
				ASSETCATALOG_COMPILER_APPICON_NAME = AppIcon;
				CODE_SIGN_STYLE = Automatic;
				DEVELOPMENT_TEAM = VHA2UJG9TZ;
				INFOPLIST_FILE = BarberSchedule/Info.plist;
				LD_RUNPATH_SEARCH_PATHS = (
					"$(inherited)",
					"@executable_path/Frameworks",
				);
				PRODUCT_BUNDLE_IDENTIFIER = br.com.rafaellfx.BarberSchedule;
				PRODUCT_NAME = "$(TARGET_NAME)";
				SWIFT_VERSION = 5.0;
				TARGETED_DEVICE_FAMILY = "1,2";
			};
			name = Release;
		};
/* End XCBuildConfiguration section */

/* Begin XCConfigurationList section */
		AE4693BC23DC6064005C55AC /* Build configuration list for PBXProject "BarberSchedule" */ = {
			isa = XCConfigurationList;
			buildConfigurations = (
				AE4693D323DC6066005C55AC /* Debug */,
				AE4693D423DC6066005C55AC /* Release */,
			);
			defaultConfigurationIsVisible = 0;
			defaultConfigurationName = Release;
		};
		AE4693D523DC6066005C55AC /* Build configuration list for PBXNativeTarget "BarberSchedule" */ = {
			isa = XCConfigurationList;
			buildConfigurations = (
				AE4693D623DC6066005C55AC /* Debug */,
				AE4693D723DC6066005C55AC /* Release */,
			);
			defaultConfigurationIsVisible = 0;
			defaultConfigurationName = Release;
		};
/* End XCConfigurationList section */
	};
	rootObject = AE4693B923DC6064005C55AC /* Project object */;
}
